
Microsoft Visual Studio Solution File, Format Version 12.00
# Visual Studio Version 17
VisualStudioVersion = 17.5.33627.172
MinimumVisualStudioVersion = 10.0.40219.1
Project("{9A19103F-16F7-4668-BE54-9A1E7A4F7556}") = "FlightSystem.WebAPI", "FlightSystemAPI\FlightSystem.WebAPI.csproj", "{458ABFF1-1A99-4ABB-B892-7E2CF4B25344}"
EndProject
Project("{9A19103F-16F7-4668-BE54-9A1E7A4F7556}") = "FlightSystem.BLL", "FlightSystem.BLL\FlightSystem.BLL.csproj", "{10BF06B4-B011-4977-B5D0-2601FCBF9A82}"
EndProject
Project("{9A19103F-16F7-4668-BE54-9A1E7A4F7556}") = "FlightSystem.DAL", "FlightSystem.DAL\FlightSystem.DAL.csproj", "{A1F9A45A-C440-44E9-971B-DDE9A2FB995A}"
EndProject
Global
	GlobalSection(SolutionConfigurationPlatforms) = preSolution
		Debug|Any CPU = Debug|Any CPU
		Release|Any CPU = Release|Any CPU
	EndGlobalSection
	GlobalSection(ProjectConfigurationPlatforms) = postSolution
		{458ABFF1-1A99-4ABB-B892-7E2CF4B25344}.Debug|Any CPU.ActiveCfg = Debug|Any CPU
		{458ABFF1-1A99-4ABB-B892-7E2CF4B25344}.Debug|Any CPU.Build.0 = Debug|Any CPU
		{458ABFF1-1A99-4ABB-B892-7E2CF4B25344}.Release|Any CPU.ActiveCfg = Release|Any CPU
		{458ABFF1-1A99-4ABB-B892-7E2CF4B25344}.Release|Any CPU.Build.0 = Release|Any CPU
		{10BF06B4-B011-4977-B5D0-2601FCBF9A82}.Debug|Any CPU.ActiveCfg = Debug|Any CPU
		{10BF06B4-B011-4977-B5D0-2601FCBF9A82}.Debug|Any CPU.Build.0 = Debug|Any CPU
		{10BF06B4-B011-4977-B5D0-2601FCBF9A82}.Release|Any CPU.ActiveCfg = Release|Any CPU
		{10BF06B4-B011-4977-B5D0-2601FCBF9A82}.Release|Any CPU.Build.0 = Release|Any CPU
		{A1F9A45A-C440-44E9-971B-DDE9A2FB995A}.Debug|Any CPU.ActiveCfg = Debug|Any CPU
		{A1F9A45A-C440-44E9-971B-DDE9A2FB995A}.Debug|Any CPU.Build.0 = Debug|Any CPU
		{A1F9A45A-C440-44E9-971B-DDE9A2FB995A}.Release|Any CPU.ActiveCfg = Release|Any CPU
		{A1F9A45A-C440-44E9-971B-DDE9A2FB995A}.Release|Any CPU.Build.0 = Release|Any CPU
	EndGlobalSection
	GlobalSection(SolutionProperties) = preSolution
		HideSolutionNode = FALSE
	EndGlobalSection
	GlobalSection(ExtensibilityGlobals) = postSolution
		SolutionGuid = {D95BEB05-B7FE-4ABC-87D3-4ECA0F1F7DA3}
	EndGlobalSection
EndGlobal
